// !$*UTF8*$!
{
	archiveVersion = 1;
	classes = {
	};
	objectVersion = 77;
	objects = {

/* Begin PBXContainerItemProxy section */
		C6BE6DBA2D58B2B600775CC0 /* PBXContainerItemProxy */ = {
			isa = PBXContainerItemProxy;
			containerPortal = C6BE6D9C2D58B2B500775CC0 /* Project object */;
			proxyType = 1;
			remoteGlobalIDString = C6BE6DA32D58B2B500775CC0;
			remoteInfo = AjmeraTask;
		};
		C6BE6DC42D58B2B600775CC0 /* PBXContainerItemProxy */ = {
			isa = PBXContainerItemProxy;
			containerPortal = C6BE6D9C2D58B2B500775CC0 /* Project object */;
			proxyType = 1;
			remoteGlobalIDString = C6BE6DA32D58B2B500775CC0;
			remoteInfo = AjmeraTask;
		};
/* End PBXContainerItemProxy section */

/* Begin PBXFileReference section */
		C6BE6DA42D58B2B500775CC0 /* AjmeraTask.app */ = {isa = PBXFileReference; explicitFileType = wrapper.application; includeInIndex = 0; path = AjmeraTask.app; sourceTree = BUILT_PRODUCTS_DIR; };
		C6BE6DB92D58B2B600775CC0 /* AjmeraTaskTests.xctest */ = {isa = PBXFileReference; explicitFileType = wrapper.cfbundle; includeInIndex = 0; path = AjmeraTaskTests.xctest; sourceTree = BUILT_PRODUCTS_DIR; };
		C6BE6DC32D58B2B600775CC0 /* AjmeraTaskUITests.xctest */ = {isa = PBXFileReference; explicitFileType = wrapper.cfbundle; includeInIndex = 0; path = AjmeraTaskUITests.xctest; sourceTree = BUILT_PRODUCTS_DIR; };
/* End PBXFileReference section */

/* Begin PBXFileSystemSynchronizedBuildFileExceptionSet section */
		C6BE6E022D59368400775CC0 /* Exceptions for "AjmeraTask" folder in "AjmeraTaskTests" target */ = {
			isa = PBXFileSystemSynchronizedBuildFileExceptionSet;
			membershipExceptions = (
				Helper/Alert.swift,
				Helper/Utility.swift,
				MVVM/Model/LoginModel.swift,
				MVVM/Model/SignupModel.swift,
				MVVM/ViewModel/LoginViewModel.swift,
				MVVM/ViewModel/SignUpViewModel.swift,
			);
			target = C6BE6DB82D58B2B600775CC0 /* AjmeraTaskTests */;
		};
/* End PBXFileSystemSynchronizedBuildFileExceptionSet section */

/* Begin PBXFileSystemSynchronizedRootGroup section */
		C6BE6DA62D58B2B500775CC0 /* AjmeraTask */ = {
			isa = PBXFileSystemSynchronizedRootGroup;
			exceptions = (
				C6BE6E022D59368400775CC0 /* Exceptions for "AjmeraTask" folder in "AjmeraTaskTests" target */,
			);
			path = AjmeraTask;
			sourceTree = "<group>";
		};
		C6BE6DBC2D58B2B600775CC0 /* AjmeraTaskTests */ = {
			isa = PBXFileSystemSynchronizedRootGroup;
			path = AjmeraTaskTests;
			sourceTree = "<group>";
		};
		C6BE6DC62D58B2B600775CC0 /* AjmeraTaskUITests */ = {
			isa = PBXFileSystemSynchronizedRootGroup;
			path = AjmeraTaskUITests;
			sourceTree = "<group>";
		};
/* End PBXFileSystemSynchronizedRootGroup section */

/* Begin PBXFrameworksBuildPhase section */
		C6BE6DA12D58B2B500775CC0 /* Frameworks */ = {
			isa = PBXFrameworksBuildPhase;
			buildActionMask = 2147483647;
			files = (
			);
			runOnlyForDeploymentPostprocessing = 0;
		};
		C6BE6DB62D58B2B600775CC0 /* Frameworks */ = {
			isa = PBXFrameworksBuildPhase;
			buildActionMask = 2147483647;
			files = (
			);
			runOnlyForDeploymentPostprocessing = 0;
		};
		C6BE6DC02D58B2B600775CC0 /* Frameworks */ = {
			isa = PBXFrameworksBuildPhase;
			buildActionMask = 2147483647;
			files = (
			);
			runOnlyForDeploymentPostprocessing = 0;
		};
/* End PBXFrameworksBuildPhase section */

/* Begin PBXGroup section */
		C6BE6D9B2D58B2B500775CC0 = {
			isa = PBXGroup;
			children = (
				C6BE6DA62D58B2B500775CC0 /* AjmeraTask */,
				C6BE6DBC2D58B2B600775CC0 /* AjmeraTaskTests */,
				C6BE6DC62D58B2B600775CC0 /* AjmeraTaskUITests */,
				C6BE6DA52D58B2B500775CC0 /* Products */,
			);
			sourceTree = "<group>";
		};
		C6BE6DA52D58B2B500775CC0 /* Products */ = {
			isa = PBXGroup;
			children = (
				C6BE6DA42D58B2B500775CC0 /* AjmeraTask.app */,
				C6BE6DB92D58B2B600775CC0 /* AjmeraTaskTests.xctest */,
				C6BE6DC32D58B2B600775CC0 /* AjmeraTaskUITests.xctest */,
			);
			name = Products;
			sourceTree = "<group>";
		};
/* End PBXGroup section */

/* Begin PBXNativeTarget section */
		C6BE6DA32D58B2B500775CC0 /* AjmeraTask */ = {
			isa = PBXNativeTarget;
			buildConfigurationList = C6BE6DCD2D58B2B600775CC0 /* Build configuration list for PBXNativeTarget "AjmeraTask" */;
			buildPhases = (
				C6BE6DA02D58B2B500775CC0 /* Sources */,
				C6BE6DA12D58B2B500775CC0 /* Frameworks */,
				C6BE6DA22D58B2B500775CC0 /* Resources */,
			);
			buildRules = (
			);
			dependencies = (
			);
			fileSystemSynchronizedGroups = (
				C6BE6DA62D58B2B500775CC0 /* AjmeraTask */,
			);
			name = AjmeraTask;
			packageProductDependencies = (
			);
			productName = AjmeraTask;
			productReference = C6BE6DA42D58B2B500775CC0 /* AjmeraTask.app */;
			productType = "com.apple.product-type.application";
		};
		C6BE6DB82D58B2B600775CC0 /* AjmeraTaskTests */ = {
			isa = PBXNativeTarget;
			buildConfigurationList = C6BE6DD02D58B2B600775CC0 /* Build configuration list for PBXNativeTarget "AjmeraTaskTests" */;
			buildPhases = (
				C6BE6DB52D58B2B600775CC0 /* Sources */,
				C6BE6DB62D58B2B600775CC0 /* Frameworks */,
				C6BE6DB72D58B2B600775CC0 /* Resources */,
			);
			buildRules = (
			);
			dependencies = (
				C6BE6DBB2D58B2B600775CC0 /* PBXTargetDependency */,
			);
			fileSystemSynchronizedGroups = (
				C6BE6DBC2D58B2B600775CC0 /* AjmeraTaskTests */,
			);
			name = AjmeraTaskTests;
			packageProductDependencies = (
			);
			productName = AjmeraTaskTests;
			productReference = C6BE6DB92D58B2B600775CC0 /* AjmeraTaskTests.xctest */;
			productType = "com.apple.product-type.bundle.unit-test";
		};
		C6BE6DC22D58B2B600775CC0 /* AjmeraTaskUITests */ = {
			isa = PBXNativeTarget;
			buildConfigurationList = C6BE6DD32D58B2B600775CC0 /* Build configuration list for PBXNativeTarget "AjmeraTaskUITests" */;
			buildPhases = (
				C6BE6DBF2D58B2B600775CC0 /* Sources */,
				C6BE6DC02D58B2B600775CC0 /* Frameworks */,
				C6BE6DC12D58B2B600775CC0 /* Resources */,
			);
			buildRules = (
			);
			dependencies = (
				C6BE6DC52D58B2B600775CC0 /* PBXTargetDependency */,
			);
			fileSystemSynchronizedGroups = (
				C6BE6DC62D58B2B600775CC0 /* AjmeraTaskUITests */,
			);
			name = AjmeraTaskUITests;
			packageProductDependencies = (
			);
			productName = AjmeraTaskUITests;
			productReference = C6BE6DC32D58B2B600775CC0 /* AjmeraTaskUITests.xctest */;
			productType = "com.apple.product-type.bundle.ui-testing";
		};
/* End PBXNativeTarget section */

/* Begin PBXProject section */
		C6BE6D9C2D58B2B500775CC0 /* Project object */ = {
			isa = PBXProject;
			attributes = {
				BuildIndependentTargetsInParallel = 1;
				LastSwiftUpdateCheck = 1620;
				LastUpgradeCheck = 1620;
				TargetAttributes = {
					C6BE6DA32D58B2B500775CC0 = {
						CreatedOnToolsVersion = 16.2;
					};
					C6BE6DB82D58B2B600775CC0 = {
						CreatedOnToolsVersion = 16.2;
						TestTargetID = C6BE6DA32D58B2B500775CC0;
					};
					C6BE6DC22D58B2B600775CC0 = {
						CreatedOnToolsVersion = 16.2;
						TestTargetID = C6BE6DA32D58B2B500775CC0;
					};
				};
			};
			buildConfigurationList = C6BE6D9F2D58B2B500775CC0 /* Build configuration list for PBXProject "AjmeraTask" */;
			developmentRegion = en;
			hasScannedForEncodings = 0;
			knownRegions = (
				en,
				Base,
			);
			mainGroup = C6BE6D9B2D58B2B500775CC0;
			minimizedProjectReferenceProxies = 1;
			preferredProjectObjectVersion = 77;
			productRefGroup = C6BE6DA52D58B2B500775CC0 /* Products */;
			projectDirPath = "";
			projectRoot = "";
			targets = (
				C6BE6DA32D58B2B500775CC0 /* AjmeraTask */,
				C6BE6DB82D58B2B600775CC0 /* AjmeraTaskTests */,
				C6BE6DC22D58B2B600775CC0 /* AjmeraTaskUITests */,
			);
		};
/* End PBXProject section */

/* Begin PBXResourcesBuildPhase section */
		C6BE6DA22D58B2B500775CC0 /* Resources */ = {
			isa = PBXResourcesBuildPhase;
			buildActionMask = 2147483647;
			files = (
			);
			runOnlyForDeploymentPostprocessing = 0;
		};
		C6BE6DB72D58B2B600775CC0 /* Resources */ = {
			isa = PBXResourcesBuildPhase;
			buildActionMask = 2147483647;
			files = (
			);
			runOnlyForDeploymentPostprocessing = 0;
		};
		C6BE6DC12D58B2B600775CC0 /* Resources */ = {
			isa = PBXResourcesBuildPhase;
			buildActionMask = 2147483647;
			files = (
			);
			runOnlyForDeploymentPostprocessing = 0;
		};
/* End PBXResourcesBuildPhase section */

/* Begin PBXSourcesBuildPhase section */
		C6BE6DA02D58B2B500775CC0 /* Sources */ = {
			isa = PBXSourcesBuildPhase;
			buildActionMask = 2147483647;
			files = (
			);
			runOnlyForDeploymentPostprocessing = 0;
		};
		C6BE6DB52D58B2B600775CC0 /* Sources */ = {
			isa = PBXSourcesBuildPhase;
			buildActionMask = 2147483647;
			files = (
			);
			runOnlyForDeploymentPostprocessing = 0;
		};
		C6BE6DBF2D58B2B600775CC0 /* Sources */ = {
			isa = PBXSourcesBuildPhase;
			buildActionMask = 2147483647;
			files = (
			);
			runOnlyForDeploymentPostprocessing = 0;
		};
/* End PBXSourcesBuildPhase section */

/* Begin PBXTargetDependency section */
		C6BE6DBB2D58B2B600775CC0 /* PBXTargetDependency */ = {
			isa = PBXTargetDependency;
			target = C6BE6DA32D58B2B500775CC0 /* AjmeraTask */;
			targetProxy = C6BE6DBA2D58B2B600775CC0 /* PBXContainerItemProxy */;
		};
		C6BE6DC52D58B2B600775CC0 /* PBXTargetDependency */ = {
			isa = PBXTargetDependency;
			target = C6BE6DA32D58B2B500775CC0 /* AjmeraTask */;
			targetProxy = C6BE6DC42D58B2B600775CC0 /* PBXContainerItemProxy */;
		};
/* End PBXTargetDependency section */

/* Begin XCBuildConfiguration section */
		C6BE6DCB2D58B2B600775CC0 /* Debug */ = {
			isa = XCBuildConfiguration;
			buildSettings = {
				ALWAYS_SEARCH_USER_PATHS = NO;
				ASSETCATALOG_COMPILER_GENERATE_SWIFT_ASSET_SYMBOL_EXTENSIONS = YES;
				CLANG_ANALYZER_NONNULL = YES;
				CLANG_ANALYZER_NUMBER_OBJECT_CONVERSION = YES_AGGRESSIVE;
				CLANG_CXX_LANGUAGE_STANDARD = "gnu++20";
				CLANG_ENABLE_MODULES = YES;
				CLANG_ENABLE_OBJC_ARC = YES;
				CLANG_ENABLE_OBJC_WEAK = YES;
				CLANG_WARN_BLOCK_CAPTURE_AUTORELEASING = YES;
				CLANG_WARN_BOOL_CONVERSION = YES;
				CLANG_WARN_COMMA = YES;
				CLANG_WARN_CONSTANT_CONVERSION = YES;
				CLANG_WARN_DEPRECATED_OBJC_IMPLEMENTATIONS = YES;
				CLANG_WARN_DIRECT_OBJC_ISA_USAGE = YES_ERROR;
				CLANG_WARN_DOCUMENTATION_COMMENTS = YES;
				CLANG_WARN_EMPTY_BODY = YES;
				CLANG_WARN_ENUM_CONVERSION = YES;
				CLANG_WARN_INFINITE_RECURSION = YES;
				CLANG_WARN_INT_CONVERSION = YES;
				CLANG_WARN_NON_LITERAL_NULL_CONVERSION = YES;
				CLANG_WARN_OBJC_IMPLICIT_RETAIN_SELF = YES;
				CLANG_WARN_OBJC_LITERAL_CONVERSION = YES;
				CLANG_WARN_OBJC_ROOT_CLASS = YES_ERROR;
				CLANG_WARN_QUOTED_INCLUDE_IN_FRAMEWORK_HEADER = YES;
				CLANG_WARN_RANGE_LOOP_ANALYSIS = YES;
				CLANG_WARN_STRICT_PROTOTYPES = YES;
				CLANG_WARN_SUSPICIOUS_MOVE = YES;
				CLANG_WARN_UNGUARDED_AVAILABILITY = YES_AGGRESSIVE;
				CLANG_WARN_UNREACHABLE_CODE = YES;
				CLANG_WARN__DUPLICATE_METHOD_MATCH = YES;
				COPY_PHASE_STRIP = NO;
				DEBUG_INFORMATION_FORMAT = dwarf;
				ENABLE_STRICT_OBJC_MSGSEND = YES;
				ENABLE_TESTABILITY = YES;
				ENABLE_USER_SCRIPT_SANDBOXING = YES;
				GCC_C_LANGUAGE_STANDARD = gnu17;
				GCC_DYNAMIC_NO_PIC = NO;
				GCC_NO_COMMON_BLOCKS = YES;
				GCC_OPTIMIZATION_LEVEL = 0;
				GCC_PREPROCESSOR_DEFINITIONS = (
					"DEBUG=1",
					"$(inherited)",
				);
				GCC_WARN_64_TO_32_BIT_CONVERSION = YES;
				GCC_WARN_ABOUT_RETURN_TYPE = YES_ERROR;
				GCC_WARN_UNDECLARED_SELECTOR = YES;
				GCC_WARN_UNINITIALIZED_AUTOS = YES_AGGRESSIVE;
				GCC_WARN_UNUSED_FUNCTION = YES;
				GCC_WARN_UNUSED_VARIABLE = YES;
				IPHONEOS_DEPLOYMENT_TARGET = 18.2;
				LOCALIZATION_PREFERS_STRING_CATALOGS = YES;
				MTL_ENABLE_DEBUG_INFO = INCLUDE_SOURCE;
				MTL_FAST_MATH = YES;
				ONLY_ACTIVE_ARCH = YES;
				SDKROOT = iphoneos;
				SWIFT_ACTIVE_COMPILATION_CONDITIONS = "DEBUG $(inherited)";
				SWIFT_OPTIMIZATION_LEVEL = "-Onone";
			};
			name = Debug;
		};
		C6BE6DCC2D58B2B600775CC0 /* Release */ = {
			isa = XCBuildConfiguration;
			buildSettings = {
				ALWAYS_SEARCH_USER_PATHS = NO;
				ASSETCATALOG_COMPILER_GENERATE_SWIFT_ASSET_SYMBOL_EXTENSIONS = YES;
				CLANG_ANALYZER_NONNULL = YES;
				CLANG_ANALYZER_NUMBER_OBJECT_CONVERSION = YES_AGGRESSIVE;
				CLANG_CXX_LANGUAGE_STANDARD = "gnu++20";
				CLANG_ENABLE_MODULES = YES;
				CLANG_ENABLE_OBJC_ARC = YES;
				CLANG_ENABLE_OBJC_WEAK = YES;
				CLANG_WARN_BLOCK_CAPTURE_AUTORELEASING = YES;
				CLANG_WARN_BOOL_CONVERSION = YES;
				CLANG_WARN_COMMA = YES;
				CLANG_WARN_CONSTANT_CONVERSION = YES;
				CLANG_WARN_DEPRECATED_OBJC_IMPLEMENTATIONS = YES;
				CLANG_WARN_DIRECT_OBJC_ISA_USAGE = YES_ERROR;
				CLANG_WARN_DOCUMENTATION_COMMENTS = YES;
				CLANG_WARN_EMPTY_BODY = YES;
				CLANG_WARN_ENUM_CONVERSION = YES;
				CLANG_WARN_INFINITE_RECURSION = YES;
				CLANG_WARN_INT_CONVERSION = YES;
				CLANG_WARN_NON_LITERAL_NULL_CONVERSION = YES;
				CLANG_WARN_OBJC_IMPLICIT_RETAIN_SELF = YES;
				CLANG_WARN_OBJC_LITERAL_CONVERSION = YES;
				CLANG_WARN_OBJC_ROOT_CLASS = YES_ERROR;
				CLANG_WARN_QUOTED_INCLUDE_IN_FRAMEWORK_HEADER = YES;
				CLANG_WARN_RANGE_LOOP_ANALYSIS = YES;
				CLANG_WARN_STRICT_PROTOTYPES = YES;
				CLANG_WARN_SUSPICIOUS_MOVE = YES;
				CLANG_WARN_UNGUARDED_AVAILABILITY = YES_AGGRESSIVE;
				CLANG_WARN_UNREACHABLE_CODE = YES;
				CLANG_WARN__DUPLICATE_METHOD_MATCH = YES;
				COPY_PHASE_STRIP = NO;
				DEBUG_INFORMATION_FORMAT = "dwarf-with-dsym";
				ENABLE_NS_ASSERTIONS = NO;
				ENABLE_STRICT_OBJC_MSGSEND = YES;
				ENABLE_USER_SCRIPT_SANDBOXING = YES;
				GCC_C_LANGUAGE_STANDARD = gnu17;
				GCC_NO_COMMON_BLOCKS = YES;
				GCC_WARN_64_TO_32_BIT_CONVERSION = YES;
				GCC_WARN_ABOUT_RETURN_TYPE = YES_ERROR;
				GCC_WARN_UNDECLARED_SELECTOR = YES;
				GCC_WARN_UNINITIALIZED_AUTOS = YES_AGGRESSIVE;
				GCC_WARN_UNUSED_FUNCTION = YES;
				GCC_WARN_UNUSED_VARIABLE = YES;
				IPHONEOS_DEPLOYMENT_TARGET = 18.2;
				LOCALIZATION_PREFERS_STRING_CATALOGS = YES;
				MTL_ENABLE_DEBUG_INFO = NO;
				MTL_FAST_MATH = YES;
				SDKROOT = iphoneos;
				SWIFT_COMPILATION_MODE = wholemodule;
				VALIDATE_PRODUCT = YES;
			};
			name = Release;
		};
		C6BE6DCE2D58B2B600775CC0 /* Debug */ = {
			isa = XCBuildConfiguration;
			buildSettings = {
				ASSETCATALOG_COMPILER_APPICON_NAME = AppIcon;
				ASSETCATALOG_COMPILER_GLOBAL_ACCENT_COLOR_NAME = AccentColor;
				CODE_SIGN_STYLE = Automatic;
				CURRENT_PROJECT_VERSION = 1;
				DEVELOPMENT_ASSET_PATHS = "\"AjmeraTask/Preview Content\"";
				ENABLE_PREVIEWS = YES;
				GENERATE_INFOPLIST_FILE = YES;
				INFOPLIST_KEY_UIApplicationSceneManifest_Generation = YES;
				INFOPLIST_KEY_UIApplicationSupportsIndirectInputEvents = YES;
				INFOPLIST_KEY_UILaunchScreen_Generation = YES;
				INFOPLIST_KEY_UISupportedInterfaceOrientations_iPad = "UIInterfaceOrientationPortrait UIInterfaceOrientationPortraitUpsideDown UIInterfaceOrientationLandscapeLeft UIInterfaceOrientationLandscapeRight";
				INFOPLIST_KEY_UISupportedInterfaceOrientations_iPhone = "UIInterfaceOrientationPortrait UIInterfaceOrientationLandscapeLeft UIInterfaceOrientationLandscapeRight";
				LD_RUNPATH_SEARCH_PATHS = (
					"$(inherited)",
					"@executable_path/Frameworks",
				);
				MARKETING_VERSION = 1.0;
				PRODUCT_BUNDLE_IDENTIFIER = com.reactivexperts.AjmeraTask;
				PRODUCT_NAME = "$(TARGET_NAME)";
				SWIFT_EMIT_LOC_STRINGS = YES;
				SWIFT_VERSION = 5.0;
				TARGETED_DEVICE_FAMILY = "1,2";
			};
			name = Debug;
		};
		C6BE6DCF2D58B2B600775CC0 /* Release */ = {
			isa = XCBuildConfiguration;
			buildSettings = {
				ASSETCATALOG_COMPILER_APPICON_NAME = AppIcon;
				ASSETCATALOG_COMPILER_GLOBAL_ACCENT_COLOR_NAME = AccentColor;
				CODE_SIGN_STYLE = Automatic;
				CURRENT_PROJECT_VERSION = 1;
				DEVELOPMENT_ASSET_PATHS = "\"AjmeraTask/Preview Content\"";
				ENABLE_PREVIEWS = YES;
				GENERATE_INFOPLIST_FILE = YES;
				INFOPLIST_KEY_UIApplicationSceneManifest_Generation = YES;
				INFOPLIST_KEY_UIApplicationSupportsIndirectInputEvents = YES;
				INFOPLIST_KEY_UILaunchScreen_Generation = YES;
				INFOPLIST_KEY_UISupportedInterfaceOrientations_iPad = "UIInterfaceOrientationPortrait UIInterfaceOrientationPortraitUpsideDown UIInterfaceOrientationLandscapeLeft UIInterfaceOrientationLandscapeRight";
				INFOPLIST_KEY_UISupportedInterfaceOrientations_iPhone = "UIInterfaceOrientationPortrait UIInterfaceOrientationLandscapeLeft UIInterfaceOrientationLandscapeRight";
				LD_RUNPATH_SEARCH_PATHS = (
					"$(inherited)",
					"@executable_path/Frameworks",
				);
				MARKETING_VERSION = 1.0;
				PRODUCT_BUNDLE_IDENTIFIER = com.reactivexperts.AjmeraTask;
				PRODUCT_NAME = "$(TARGET_NAME)";
				SWIFT_EMIT_LOC_STRINGS = YES;
				SWIFT_VERSION = 5.0;
				TARGETED_DEVICE_FAMILY = "1,2";
			};
			name = Release;
		};
		C6BE6DD12D58B2B600775CC0 /* Debug */ = {
			isa = XCBuildConfiguration;
			buildSettings = {
				BUNDLE_LOADER = "$(TEST_HOST)";
				CODE_SIGN_STYLE = Automatic;
				CURRENT_PROJECT_VERSION = 1;
				GENERATE_INFOPLIST_FILE = YES;
				IPHONEOS_DEPLOYMENT_TARGET = 18.2;
				MARKETING_VERSION = 1.0;
				PRODUCT_BUNDLE_IDENTIFIER = com.reactivexperts.AjmeraTaskTests;
				PRODUCT_NAME = "$(TARGET_NAME)";
				SWIFT_EMIT_LOC_STRINGS = NO;
				SWIFT_VERSION = 5.0;
				TARGETED_DEVICE_FAMILY = "1,2";
				TEST_HOST = "$(BUILT_PRODUCTS_DIR)/AjmeraTask.app/$(BUNDLE_EXECUTABLE_FOLDER_PATH)/AjmeraTask";
			};
			name = Debug;
		};
		C6BE6DD22D58B2B600775CC0 /* Release */ = {
			isa = XCBuildConfiguration;
			buildSettings = {
				BUNDLE_LOADER = "$(TEST_HOST)";
				CODE_SIGN_STYLE = Automatic;
				CURRENT_PROJECT_VERSION = 1;
				GENERATE_INFOPLIST_FILE = YES;
				IPHONEOS_DEPLOYMENT_TARGET = 18.2;
				MARKETING_VERSION = 1.0;
				PRODUCT_BUNDLE_IDENTIFIER = com.reactivexperts.AjmeraTaskTests;
				PRODUCT_NAME = "$(TARGET_NAME)";
				SWIFT_EMIT_LOC_STRINGS = NO;
				SWIFT_VERSION = 5.0;
				TARGETED_DEVICE_FAMILY = "1,2";
				TEST_HOST = "$(BUILT_PRODUCTS_DIR)/AjmeraTask.app/$(BUNDLE_EXECUTABLE_FOLDER_PATH)/AjmeraTask";
			};
			name = Release;
		};
		C6BE6DD42D58B2B600775CC0 /* Debug */ = {
			isa = XCBuildConfiguration;
			buildSettings = {
				CODE_SIGN_STYLE = Automatic;
				CURRENT_PROJECT_VERSION = 1;
				GENERATE_INFOPLIST_FILE = YES;
				MARKETING_VERSION = 1.0;
				PRODUCT_BUNDLE_IDENTIFIER = com.reactivexperts.AjmeraTaskUITests;
				PRODUCT_NAME = "$(TARGET_NAME)";
				SWIFT_EMIT_LOC_STRINGS = NO;
				SWIFT_VERSION = 5.0;
				TARGETED_DEVICE_FAMILY = "1,2";
				TEST_TARGET_NAME = AjmeraTask;
			};
			name = Debug;
		};
		C6BE6DD52D58B2B600775CC0 /* Release */ = {
			isa = XCBuildConfiguration;
			buildSettings = {
				CODE_SIGN_STYLE = Automatic;
				CURRENT_PROJECT_VERSION = 1;
				GENERATE_INFOPLIST_FILE = YES;
				MARKETING_VERSION = 1.0;
				PRODUCT_BUNDLE_IDENTIFIER = com.reactivexperts.AjmeraTaskUITests;
				PRODUCT_NAME = "$(TARGET_NAME)";
				SWIFT_EMIT_LOC_STRINGS = NO;
				SWIFT_VERSION = 5.0;
				TARGETED_DEVICE_FAMILY = "1,2";
				TEST_TARGET_NAME = AjmeraTask;
			};
			name = Release;
		};
/* End XCBuildConfiguration section */

/* Begin XCConfigurationList section */
		C6BE6D9F2D58B2B500775CC0 /* Build configuration list for PBXProject "AjmeraTask" */ = {
			isa = XCConfigurationList;
			buildConfigurations = (
				C6BE6DCB2D58B2B600775CC0 /* Debug */,
				C6BE6DCC2D58B2B600775CC0 /* Release */,
			);
			defaultConfigurationIsVisible = 0;
			defaultConfigurationName = Release;
		};
		C6BE6DCD2D58B2B600775CC0 /* Build configuration list for PBXNativeTarget "AjmeraTask" */ = {
			isa = XCConfigurationList;
			buildConfigurations = (
				C6BE6DCE2D58B2B600775CC0 /* Debug */,
				C6BE6DCF2D58B2B600775CC0 /* Release */,
			);
			defaultConfigurationIsVisible = 0;
			defaultConfigurationName = Release;
		};
		C6BE6DD02D58B2B600775CC0 /* Build configuration list for PBXNativeTarget "AjmeraTaskTests" */ = {
			isa = XCConfigurationList;
			buildConfigurations = (
				C6BE6DD12D58B2B600775CC0 /* Debug */,
				C6BE6DD22D58B2B600775CC0 /* Release */,
			);
			defaultConfigurationIsVisible = 0;
			defaultConfigurationName = Release;
		};
		C6BE6DD32D58B2B600775CC0 /* Build configuration list for PBXNativeTarget "AjmeraTaskUITests" */ = {
			isa = XCConfigurationList;
			buildConfigurations = (
				C6BE6DD42D58B2B600775CC0 /* Debug */,
				C6BE6DD52D58B2B600775CC0 /* Release */,
			);
			defaultConfigurationIsVisible = 0;
			defaultConfigurationName = Release;
		};
/* End XCConfigurationList section */
	};
	rootObject = C6BE6D9C2D58B2B500775CC0 /* Project object */;
}
